
Microsoft Visual Studio Solution File, Format Version 12.00
# Visual Studio 15
VisualStudioVersion = 15.0.28307.421
MinimumVisualStudioVersion = 10.0.40219.1
Project("{FAE04EC0-301F-11D3-BF4B-00C04F79EFBC}") = "DynaBlaster", "DynaBlaster\DynaBlaster.csproj", "{4DC0B00C-265B-443E-B209-FAA52170BDE3}"
EndProject
Global
	GlobalSection(SolutionConfigurationPlatforms) = preSolution
		Debug|Any CPU = Debug|Any CPU
		Release|Any CPU = Release|Any CPU
	EndGlobalSection
	GlobalSection(ProjectConfigurationPlatforms) = postSolution
		{4DC0B00C-265B-443E-B209-FAA52170BDE3}.Debug|Any CPU.ActiveCfg = Debug|Any CPU
		{4DC0B00C-265B-443E-B209-FAA52170BDE3}.Debug|Any CPU.Build.0 = Debug|Any CPU
		{4DC0B00C-265B-443E-B209-FAA52170BDE3}.Release|Any CPU.ActiveCfg = Release|Any CPU
		{4DC0B00C-265B-443E-B209-FAA52170BDE3}.Release|Any CPU.Build.0 = Release|Any CPU
	EndGlobalSection
	GlobalSection(SolutionProperties) = preSolution
		HideSolutionNode = FALSE
	EndGlobalSection
	GlobalSection(ExtensibilityGlobals) = postSolution
		SolutionGuid = {C33998B3-2DC9-44BA-BC1C-E8D5041787B0}
	EndGlobalSection
EndGlobal
